
Microsoft Visual Studio Solution File, Format Version 12.00
# Visual Studio Version 17
VisualStudioVersion = 17.14.36705.20
MinimumVisualStudioVersion = 10.0.40219.1
Project("{2150E333-8FDC-42A3-9474-1A3956D46DE8}") = "src", "src", "{02EA681E-C7D8-13C7-8484-4AC65E1B71E8}"
EndProject
Project("{2150E333-8FDC-42A3-9474-1A3956D46DE8}") = "tests", "tests", "{56F87F53-8464-47B3-BB4A-3FC9FE305CDF}"
EndProject
Project("{2150E333-8FDC-42A3-9474-1A3956D46DE8}") = "Api", "Api", "{6EAF40AF-60F3-4360-8090-E271CF24599F}"
EndProject
Project("{2150E333-8FDC-42A3-9474-1A3956D46DE8}") = "Core", "Core", "{78BC0072-3779-44DF-9FD0-FB90E275A499}"
EndProject
Project("{2150E333-8FDC-42A3-9474-1A3956D46DE8}") = "Infrastructure", "Infrastructure", "{F8729BEC-DCD7-4BC2-8867-BCB20A344C43}"
EndProject
Project("{FAE04EC0-301F-11D3-BF4B-00C04F79EFBC}") = "Api", "Api\Api.csproj", "{AEF56A19-DD61-49F8-8896-AACABB8411BA}"
EndProject
Project("{FAE04EC0-301F-11D3-BF4B-00C04F79EFBC}") = "Domain", "Domain\Domain.csproj", "{98199659-2C89-495E-9F90-E2F352F72353}"
EndProject
Project("{FAE04EC0-301F-11D3-BF4B-00C04F79EFBC}") = "Application", "Application\Application.csproj", "{7F2C80D9-3CC5-4086-A460-6E37306085BE}"
EndProject
Project("{FAE04EC0-301F-11D3-BF4B-00C04F79EFBC}") = "Persistence", "Persistence\Persistence.csproj", "{25AAB5FB-A54C-4E40-BB76-6EB47D2C48AD}"
EndProject
Global
	GlobalSection(SolutionConfigurationPlatforms) = preSolution
		Debug|Any CPU = Debug|Any CPU
		Release|Any CPU = Release|Any CPU
	EndGlobalSection
	GlobalSection(ProjectConfigurationPlatforms) = postSolution
		{AEF56A19-DD61-49F8-8896-AACABB8411BA}.Debug|Any CPU.ActiveCfg = Debug|Any CPU
		{AEF56A19-DD61-49F8-8896-AACABB8411BA}.Debug|Any CPU.Build.0 = Debug|Any CPU
		{AEF56A19-DD61-49F8-8896-AACABB8411BA}.Release|Any CPU.ActiveCfg = Release|Any CPU
		{AEF56A19-DD61-49F8-8896-AACABB8411BA}.Release|Any CPU.Build.0 = Release|Any CPU
		{98199659-2C89-495E-9F90-E2F352F72353}.Debug|Any CPU.ActiveCfg = Debug|Any CPU
		{98199659-2C89-495E-9F90-E2F352F72353}.Debug|Any CPU.Build.0 = Debug|Any CPU
		{98199659-2C89-495E-9F90-E2F352F72353}.Release|Any CPU.ActiveCfg = Release|Any CPU
		{98199659-2C89-495E-9F90-E2F352F72353}.Release|Any CPU.Build.0 = Release|Any CPU
		{7F2C80D9-3CC5-4086-A460-6E37306085BE}.Debug|Any CPU.ActiveCfg = Debug|Any CPU
		{7F2C80D9-3CC5-4086-A460-6E37306085BE}.Debug|Any CPU.Build.0 = Debug|Any CPU
		{7F2C80D9-3CC5-4086-A460-6E37306085BE}.Release|Any CPU.ActiveCfg = Release|Any CPU
		{7F2C80D9-3CC5-4086-A460-6E37306085BE}.Release|Any CPU.Build.0 = Release|Any CPU
		{25AAB5FB-A54C-4E40-BB76-6EB47D2C48AD}.Debug|Any CPU.ActiveCfg = Debug|Any CPU
		{25AAB5FB-A54C-4E40-BB76-6EB47D2C48AD}.Debug|Any CPU.Build.0 = Debug|Any CPU
		{25AAB5FB-A54C-4E40-BB76-6EB47D2C48AD}.Release|Any CPU.ActiveCfg = Release|Any CPU
		{25AAB5FB-A54C-4E40-BB76-6EB47D2C48AD}.Release|Any CPU.Build.0 = Release|Any CPU
	EndGlobalSection
	GlobalSection(SolutionProperties) = preSolution
		HideSolutionNode = FALSE
	EndGlobalSection
	GlobalSection(NestedProjects) = preSolution
		{6EAF40AF-60F3-4360-8090-E271CF24599F} = {02EA681E-C7D8-13C7-8484-4AC65E1B71E8}
		{78BC0072-3779-44DF-9FD0-FB90E275A499} = {02EA681E-C7D8-13C7-8484-4AC65E1B71E8}
		{F8729BEC-DCD7-4BC2-8867-BCB20A344C43} = {02EA681E-C7D8-13C7-8484-4AC65E1B71E8}
		{AEF56A19-DD61-49F8-8896-AACABB8411BA} = {6EAF40AF-60F3-4360-8090-E271CF24599F}
		{98199659-2C89-495E-9F90-E2F352F72353} = {78BC0072-3779-44DF-9FD0-FB90E275A499}
		{7F2C80D9-3CC5-4086-A460-6E37306085BE} = {78BC0072-3779-44DF-9FD0-FB90E275A499}
		{25AAB5FB-A54C-4E40-BB76-6EB47D2C48AD} = {F8729BEC-DCD7-4BC2-8867-BCB20A344C43}
	EndGlobalSection
	GlobalSection(ExtensibilityGlobals) = postSolution
		SolutionGuid = {B63255E1-D015-4199-8F5D-1BED3EFEFBE7}
	EndGlobalSection
EndGlobal
